{
  "name": "@omni/weapp",
  "version": "0.2.0",
  "lockfileVersion": 3,
  "requires": true,
  "packages": {
    "": {
      "name": "@omni/weapp",
      "version": "0.2.0",
      "dependencies": {
        "@vant/weapp": "^1.11.7",
        "@vue-mini/core": "^1.2.5",
        "zod": "^4.1.8"
      }
    },
    "node_modules/@vant/weapp": {
      "version": "1.11.7",
      "resolved": "https://registry.npmjs.org/@vant/weapp/-/weapp-1.11.7.tgz",
      "integrity": "sha512-Rwn9BBnb4kHSV4XmvBicwtd42J+amEUfnFDcXJsGNPNX4a9c/DoT6YLsm4X1wB2+sQbdiQsbFBLAvGRBxCkD8g==",
      "license": "MIT"
    },
    "node_modules/@vue-mini/core": {
      "version": "1.2.9",
      "resolved": "https://registry.npmjs.org/@vue-mini/core/-/core-1.2.9.tgz",
      "integrity": "sha512-y7b2uOGTuGT5e2cydNAhk4gapuMfWBxXaUyuMcaUG1GWUht7oWwI8TsrFWwFWEwr8bgF+uMDiv36qbL1kaqAig==",
      "license": "MIT",
      "dependencies": {
        "@vue/reactivity": "3.5.29",
        "miniprogram-api-typings": "~4.0.8"
      }
    },
    "node_modules/@vue/reactivity": {
      "version": "3.5.29",
      "resolved": "https://registry.npmjs.org/@vue/reactivity/-/reactivity-3.5.29.tgz",
      "integrity": "sha512-zcrANcrRdcLtmGZETBxWqIkoQei8HaFpZWx/GHKxx79JZsiZ8j1du0VUJtu4eJjgFvU/iKL5lRXFXksVmI+5DA==",
      "license": "MIT",
      "dependencies": {
        "@vue/shared": "3.5.29"
      }
    },
    "node_modules/@vue/shared": {
      "version": "3.5.29",
      "resolved": "https://registry.npmjs.org/@vue/shared/-/shared-3.5.29.tgz",
      "integrity": "sha512-w7SR0A5zyRByL9XUkCfdLs7t9XOHUyJ67qPGQjOou3p6GvBeBW+AVjUUmlxtZ4PIYaRvE+1LmK44O4uajlZwcg==",
      "license": "MIT"
    },
    "node_modules/miniprogram-api-typings": {
      "version": "4.0.8",
      "resolved": "https://registry.npmjs.org/miniprogram-api-typings/-/miniprogram-api-typings-4.0.8.tgz",
      "integrity": "sha512-q3MHCd/r0EsCFsq+nebbBbpwhsQbJg2d8lvRdRBV4KXgp+S1OzzNFpjFoy1X46NA01OD0fbCnxo7tJRSE2pqSw==",
      "license": "MIT"
    },
    "node_modules/zod": {
      "version": "4.3.6",
      "resolved": "https://registry.npmjs.org/zod/-/zod-4.3.6.tgz",
      "integrity": "sha512-rftlrkhHZOcjDwkGlnUtZZkvaPHCsDATp4pGpuOOMDaTdDDXF91wuVDJoWoPsKX/3YPQ5fHuF3STjcYyKr+Qhg==",
      "license": "MIT",
      "funding": {
        "url": "https://github.com/sponsors/colinhacks"
      }
    }
  }
}
